
Microsoft Visual Studio Solution File, Format Version 12.00
# Visual Studio Version 17
VisualStudioVersion = 17.0.32112.339
MinimumVisualStudioVersion = 10.0.40219.1
Project("{FAE04EC0-301F-11D3-BF4B-00C04F79EFBC}") = "YodaApi", "YodaApi\YodaApi.csproj", "{F81D3CF2-F457-462E-8F43-466352D352B5}"
EndProject
Global
	GlobalSection(SolutionConfigurationPlatforms) = preSolution
		Debug|Any CPU = Debug|Any CPU
		Release|Any CPU = Release|Any CPU
	EndGlobalSection
	GlobalSection(ProjectConfigurationPlatforms) = postSolution
		{F81D3CF2-F457-462E-8F43-466352D352B5}.Debug|Any CPU.ActiveCfg = Debug|Any CPU
		{F81D3CF2-F457-462E-8F43-466352D352B5}.Debug|Any CPU.Build.0 = Debug|Any CPU
		{F81D3CF2-F457-462E-8F43-466352D352B5}.Release|Any CPU.ActiveCfg = Release|Any CPU
		{F81D3CF2-F457-462E-8F43-466352D352B5}.Release|Any CPU.Build.0 = Release|Any CPU
	EndGlobalSection
	GlobalSection(SolutionProperties) = preSolution
		HideSolutionNode = FALSE
	EndGlobalSection
	GlobalSection(ExtensibilityGlobals) = postSolution
		SolutionGuid = {9CED9D32-59C8-44C1-8990-E9ADEC18B601}
	EndGlobalSection
EndGlobal
